// !$*UTF8*$!
{
	archiveVersion = 1;
	classes = {
	};
	objectVersion = 77;
	objects = {

/* Begin PBXContainerItemProxy section */
		49E2845C2E6102A100697D5F /* PBXContainerItemProxy */ = {
			isa = PBXContainerItemProxy;
			containerPortal = 49E284452E61029E00697D5F /* Project object */;
			proxyType = 1;
			remoteGlobalIDString = 49E2844C2E61029E00697D5F;
			remoteInfo = "drug-plug";
		};
		49E284662E6102A100697D5F /* PBXContainerItemProxy */ = {
			isa = PBXContainerItemProxy;
			containerPortal = 49E284452E61029E00697D5F /* Project object */;
			proxyType = 1;
			remoteGlobalIDString = 49E2844C2E61029E00697D5F;
			remoteInfo = "drug-plug";
		};
/* End PBXContainerItemProxy section */

/* Begin PBXFileReference section */
		49E2844D2E61029F00697D5F /* drug-plug.app */ = {isa = PBXFileReference; explicitFileType = wrapper.application; includeInIndex = 0; path = "drug-plug.app"; sourceTree = BUILT_PRODUCTS_DIR; };
		49E2845B2E6102A100697D5F /* drug-plugTests.xctest */ = {isa = PBXFileReference; explicitFileType = wrapper.cfbundle; includeInIndex = 0; path = "drug-plugTests.xctest"; sourceTree = BUILT_PRODUCTS_DIR; };
		49E284652E6102A100697D5F /* drug-plugUITests.xctest */ = {isa = PBXFileReference; explicitFileType = wrapper.cfbundle; includeInIndex = 0; path = "drug-plugUITests.xctest"; sourceTree = BUILT_PRODUCTS_DIR; };
/* End PBXFileReference section */

/* Begin PBXFileSystemSynchronizedRootGroup section */
		49E2844F2E61029F00697D5F /* drug-plug */ = {
			isa = PBXFileSystemSynchronizedRootGroup;
			path = "drug-plug";
			sourceTree = "<group>";
		};
		49E2845E2E6102A100697D5F /* drug-plugTests */ = {
			isa = PBXFileSystemSynchronizedRootGroup;
			path = "drug-plugTests";
			sourceTree = "<group>";
		};
		49E284682E6102A100697D5F /* drug-plugUITests */ = {
			isa = PBXFileSystemSynchronizedRootGroup;
			path = "drug-plugUITests";
			sourceTree = "<group>";
		};
/* End PBXFileSystemSynchronizedRootGroup section */

/* Begin PBXFrameworksBuildPhase section */
		49E2844A2E61029E00697D5F /* Frameworks */ = {
			isa = PBXFrameworksBuildPhase;
			buildActionMask = 2147483647;
			files = (
			);
			runOnlyForDeploymentPostprocessing = 0;
		};
		49E284582E6102A100697D5F /* Frameworks */ = {
			isa = PBXFrameworksBuildPhase;
			buildActionMask = 2147483647;
			files = (
			);
			runOnlyForDeploymentPostprocessing = 0;
		};
		49E284622E6102A100697D5F /* Frameworks */ = {
			isa = PBXFrameworksBuildPhase;
			buildActionMask = 2147483647;
			files = (
			);
			runOnlyForDeploymentPostprocessing = 0;
		};
/* End PBXFrameworksBuildPhase section */

/* Begin PBXGroup section */
		49E284442E61029E00697D5F = {
			isa = PBXGroup;
			children = (
				49E2844F2E61029F00697D5F /* drug-plug */,
				49E2845E2E6102A100697D5F /* drug-plugTests */,
				49E284682E6102A100697D5F /* drug-plugUITests */,
				49E2844E2E61029F00697D5F /* Products */,
			);
			sourceTree = "<group>";
		};
		49E2844E2E61029F00697D5F /* Products */ = {
			isa = PBXGroup;
			children = (
				49E2844D2E61029F00697D5F /* drug-plug.app */,
				49E2845B2E6102A100697D5F /* drug-plugTests.xctest */,
				49E284652E6102A100697D5F /* drug-plugUITests.xctest */,
			);
			name = Products;
			sourceTree = "<group>";
		};
/* End PBXGroup section */

/* Begin PBXNativeTarget section */
		49E2844C2E61029E00697D5F /* drug-plug */ = {
			isa = PBXNativeTarget;
			buildConfigurationList = 49E2846F2E6102A100697D5F /* Build configuration list for PBXNativeTarget "drug-plug" */;
			buildPhases = (
				49E284492E61029E00697D5F /* Sources */,
				49E2844A2E61029E00697D5F /* Frameworks */,
				49E2844B2E61029E00697D5F /* Resources */,
			);
			buildRules = (
			);
			dependencies = (
			);
			fileSystemSynchronizedGroups = (
				49E2844F2E61029F00697D5F /* drug-plug */,
			);
			name = "drug-plug";
			packageProductDependencies = (
			);
			productName = "drug-plug";
			productReference = 49E2844D2E61029F00697D5F /* drug-plug.app */;
			productType = "com.apple.product-type.application";
		};
		49E2845A2E6102A100697D5F /* drug-plugTests */ = {
			isa = PBXNativeTarget;
			buildConfigurationList = 49E284722E6102A100697D5F /* Build configuration list for PBXNativeTarget "drug-plugTests" */;
			buildPhases = (
				49E284572E6102A100697D5F /* Sources */,
				49E284582E6102A100697D5F /* Frameworks */,
				49E284592E6102A100697D5F /* Resources */,
			);
			buildRules = (
			);
			dependencies = (
				49E2845D2E6102A100697D5F /* PBXTargetDependency */,
			);
			fileSystemSynchronizedGroups = (
				49E2845E2E6102A100697D5F /* drug-plugTests */,
			);
			name = "drug-plugTests";
			packageProductDependencies = (
			);
			productName = "drug-plugTests";
			productReference = 49E2845B2E6102A100697D5F /* drug-plugTests.xctest */;
			productType = "com.apple.product-type.bundle.unit-test";
		};
		49E284642E6102A100697D5F /* drug-plugUITests */ = {
			isa = PBXNativeTarget;
			buildConfigurationList = 49E284752E6102A100697D5F /* Build configuration list for PBXNativeTarget "drug-plugUITests" */;
			buildPhases = (
				49E284612E6102A100697D5F /* Sources */,
				49E284622E6102A100697D5F /* Frameworks */,
				49E284632E6102A100697D5F /* Resources */,
			);
			buildRules = (
			);
			dependencies = (
				49E284672E6102A100697D5F /* PBXTargetDependency */,
			);
			fileSystemSynchronizedGroups = (
				49E284682E6102A100697D5F /* drug-plugUITests */,
			);
			name = "drug-plugUITests";
			packageProductDependencies = (
			);
			productName = "drug-plugUITests";
			productReference = 49E284652E6102A100697D5F /* drug-plugUITests.xctest */;
			productType = "com.apple.product-type.bundle.ui-testing";
		};
/* End PBXNativeTarget section */

/* Begin PBXProject section */
		49E284452E61029E00697D5F /* Project object */ = {
			isa = PBXProject;
			attributes = {
				BuildIndependentTargetsInParallel = 1;
				LastSwiftUpdateCheck = 1640;
				LastUpgradeCheck = 1640;
				TargetAttributes = {
					49E2844C2E61029E00697D5F = {
						CreatedOnToolsVersion = 16.4;
					};
					49E2845A2E6102A100697D5F = {
						CreatedOnToolsVersion = 16.4;
						TestTargetID = 49E2844C2E61029E00697D5F;
					};
					49E284642E6102A100697D5F = {
						CreatedOnToolsVersion = 16.4;
						TestTargetID = 49E2844C2E61029E00697D5F;
					};
				};
			};
			buildConfigurationList = 49E284482E61029E00697D5F /* Build configuration list for PBXProject "drug-plug" */;
			developmentRegion = en;
			hasScannedForEncodings = 0;
			knownRegions = (
				en,
				Base,
			);
			mainGroup = 49E284442E61029E00697D5F;
			minimizedProjectReferenceProxies = 1;
			preferredProjectObjectVersion = 77;
			productRefGroup = 49E2844E2E61029F00697D5F /* Products */;
			projectDirPath = "";
			projectRoot = "";
			targets = (
				49E2844C2E61029E00697D5F /* drug-plug */,
				49E2845A2E6102A100697D5F /* drug-plugTests */,
				49E284642E6102A100697D5F /* drug-plugUITests */,
			);
		};
/* End PBXProject section */

/* Begin PBXResourcesBuildPhase section */
		49E2844B2E61029E00697D5F /* Resources */ = {
			isa = PBXResourcesBuildPhase;
			buildActionMask = 2147483647;
			files = (
			);
			runOnlyForDeploymentPostprocessing = 0;
		};
		49E284592E6102A100697D5F /* Resources */ = {
			isa = PBXResourcesBuildPhase;
			buildActionMask = 2147483647;
			files = (
			);
			runOnlyForDeploymentPostprocessing = 0;
		};
		49E284632E6102A100697D5F /* Resources */ = {
			isa = PBXResourcesBuildPhase;
			buildActionMask = 2147483647;
			files = (
			);
			runOnlyForDeploymentPostprocessing = 0;
		};
/* End PBXResourcesBuildPhase section */

/* Begin PBXSourcesBuildPhase section */
		49E284492E61029E00697D5F /* Sources */ = {
			isa = PBXSourcesBuildPhase;
			buildActionMask = 2147483647;
			files = (
			);
			runOnlyForDeploymentPostprocessing = 0;
		};
		49E284572E6102A100697D5F /* Sources */ = {
			isa = PBXSourcesBuildPhase;
			buildActionMask = 2147483647;
			files = (
			);
			runOnlyForDeploymentPostprocessing = 0;
		};
		49E284612E6102A100697D5F /* Sources */ = {
			isa = PBXSourcesBuildPhase;
			buildActionMask = 2147483647;
			files = (
			);
			runOnlyForDeploymentPostprocessing = 0;
		};
/* End PBXSourcesBuildPhase section */

/* Begin PBXTargetDependency section */
		49E2845D2E6102A100697D5F /* PBXTargetDependency */ = {
			isa = PBXTargetDependency;
			target = 49E2844C2E61029E00697D5F /* drug-plug */;
			targetProxy = 49E2845C2E6102A100697D5F /* PBXContainerItemProxy */;
		};
		49E284672E6102A100697D5F /* PBXTargetDependency */ = {
			isa = PBXTargetDependency;
			target = 49E2844C2E61029E00697D5F /* drug-plug */;
			targetProxy = 49E284662E6102A100697D5F /* PBXContainerItemProxy */;
		};
/* End PBXTargetDependency section */

/* Begin XCBuildConfiguration section */
		49E2846D2E6102A100697D5F /* Debug */ = {
			isa = XCBuildConfiguration;
			buildSettings = {
				ALWAYS_SEARCH_USER_PATHS = NO;
				ASSETCATALOG_COMPILER_GENERATE_SWIFT_ASSET_SYMBOL_EXTENSIONS = YES;
				CLANG_ANALYZER_NONNULL = YES;
				CLANG_ANALYZER_NUMBER_OBJECT_CONVERSION = YES_AGGRESSIVE;
				CLANG_CXX_LANGUAGE_STANDARD = "gnu++20";
				CLANG_ENABLE_MODULES = YES;
				CLANG_ENABLE_OBJC_ARC = YES;
				CLANG_ENABLE_OBJC_WEAK = YES;
				CLANG_WARN_BLOCK_CAPTURE_AUTORELEASING = YES;
				CLANG_WARN_BOOL_CONVERSION = YES;
				CLANG_WARN_COMMA = YES;
				CLANG_WARN_CONSTANT_CONVERSION = YES;
				CLANG_WARN_DEPRECATED_OBJC_IMPLEMENTATIONS = YES;
				CLANG_WARN_DIRECT_OBJC_ISA_USAGE = YES_ERROR;
				CLANG_WARN_DOCUMENTATION_COMMENTS = YES;
				CLANG_WARN_EMPTY_BODY = YES;
				CLANG_WARN_ENUM_CONVERSION = YES;
				CLANG_WARN_INFINITE_RECURSION = YES;
				CLANG_WARN_INT_CONVERSION = YES;
				CLANG_WARN_NON_LITERAL_NULL_CONVERSION = YES;
				CLANG_WARN_OBJC_IMPLICIT_RETAIN_SELF = YES;
				CLANG_WARN_OBJC_LITERAL_CONVERSION = YES;
				CLANG_WARN_OBJC_ROOT_CLASS = YES_ERROR;
				CLANG_WARN_QUOTED_INCLUDE_IN_FRAMEWORK_HEADER = YES;
				CLANG_WARN_RANGE_LOOP_ANALYSIS = YES;
				CLANG_WARN_STRICT_PROTOTYPES = YES;
				CLANG_WARN_SUSPICIOUS_MOVE = YES;
				CLANG_WARN_UNGUARDED_AVAILABILITY = YES_AGGRESSIVE;
				CLANG_WARN_UNREACHABLE_CODE = YES;
				CLANG_WARN__DUPLICATE_METHOD_MATCH = YES;
				COPY_PHASE_STRIP = NO;
				DEBUG_INFORMATION_FORMAT = dwarf;
				ENABLE_STRICT_OBJC_MSGSEND = YES;
				ENABLE_TESTABILITY = YES;
				ENABLE_USER_SCRIPT_SANDBOXING = YES;
				GCC_C_LANGUAGE_STANDARD = gnu17;
				GCC_DYNAMIC_NO_PIC = NO;
				GCC_NO_COMMON_BLOCKS = YES;
				GCC_OPTIMIZATION_LEVEL = 0;
				GCC_PREPROCESSOR_DEFINITIONS = (
					"DEBUG=1",
					"$(inherited)",
				);
				GCC_WARN_64_TO_32_BIT_CONVERSION = YES;
				GCC_WARN_ABOUT_RETURN_TYPE = YES_ERROR;
				GCC_WARN_UNDECLARED_SELECTOR = YES;
				GCC_WARN_UNINITIALIZED_AUTOS = YES_AGGRESSIVE;
				GCC_WARN_UNUSED_FUNCTION = YES;
				GCC_WARN_UNUSED_VARIABLE = YES;
				LOCALIZATION_PREFERS_STRING_CATALOGS = YES;
				MACOSX_DEPLOYMENT_TARGET = 15.5;
				MTL_ENABLE_DEBUG_INFO = INCLUDE_SOURCE;
				MTL_FAST_MATH = YES;
				ONLY_ACTIVE_ARCH = YES;
				SDKROOT = macosx;
				SWIFT_ACTIVE_COMPILATION_CONDITIONS = "DEBUG $(inherited)";
				SWIFT_OPTIMIZATION_LEVEL = "-Onone";
			};
			name = Debug;
		};
		49E2846E2E6102A100697D5F /* Release */ = {
			isa = XCBuildConfiguration;
			buildSettings = {
				ALWAYS_SEARCH_USER_PATHS = NO;
				ASSETCATALOG_COMPILER_GENERATE_SWIFT_ASSET_SYMBOL_EXTENSIONS = YES;
				CLANG_ANALYZER_NONNULL = YES;
				CLANG_ANALYZER_NUMBER_OBJECT_CONVERSION = YES_AGGRESSIVE;
				CLANG_CXX_LANGUAGE_STANDARD = "gnu++20";
				CLANG_ENABLE_MODULES = YES;
				CLANG_ENABLE_OBJC_ARC = YES;
				CLANG_ENABLE_OBJC_WEAK = YES;
				CLANG_WARN_BLOCK_CAPTURE_AUTORELEASING = YES;
				CLANG_WARN_BOOL_CONVERSION = YES;
				CLANG_WARN_COMMA = YES;
				CLANG_WARN_CONSTANT_CONVERSION = YES;
				CLANG_WARN_DEPRECATED_OBJC_IMPLEMENTATIONS = YES;
				CLANG_WARN_DIRECT_OBJC_ISA_USAGE = YES_ERROR;
				CLANG_WARN_DOCUMENTATION_COMMENTS = YES;
				CLANG_WARN_EMPTY_BODY = YES;
				CLANG_WARN_ENUM_CONVERSION = YES;
				CLANG_WARN_INFINITE_RECURSION = YES;
				CLANG_WARN_INT_CONVERSION = YES;
				CLANG_WARN_NON_LITERAL_NULL_CONVERSION = YES;
				CLANG_WARN_OBJC_IMPLICIT_RETAIN_SELF = YES;
				CLANG_WARN_OBJC_LITERAL_CONVERSION = YES;
				CLANG_WARN_OBJC_ROOT_CLASS = YES_ERROR;
				CLANG_WARN_QUOTED_INCLUDE_IN_FRAMEWORK_HEADER = YES;
				CLANG_WARN_RANGE_LOOP_ANALYSIS = YES;
				CLANG_WARN_STRICT_PROTOTYPES = YES;
				CLANG_WARN_SUSPICIOUS_MOVE = YES;
				CLANG_WARN_UNGUARDED_AVAILABILITY = YES_AGGRESSIVE;
				CLANG_WARN_UNREACHABLE_CODE = YES;
				CLANG_WARN__DUPLICATE_METHOD_MATCH = YES;
				COPY_PHASE_STRIP = NO;
				DEBUG_INFORMATION_FORMAT = "dwarf-with-dsym";
				ENABLE_NS_ASSERTIONS = NO;
				ENABLE_STRICT_OBJC_MSGSEND = YES;
				ENABLE_USER_SCRIPT_SANDBOXING = YES;
				GCC_C_LANGUAGE_STANDARD = gnu17;
				GCC_NO_COMMON_BLOCKS = YES;
				GCC_WARN_64_TO_32_BIT_CONVERSION = YES;
				GCC_WARN_ABOUT_RETURN_TYPE = YES_ERROR;
				GCC_WARN_UNDECLARED_SELECTOR = YES;
				GCC_WARN_UNINITIALIZED_AUTOS = YES_AGGRESSIVE;
				GCC_WARN_UNUSED_FUNCTION = YES;
				GCC_WARN_UNUSED_VARIABLE = YES;
				LOCALIZATION_PREFERS_STRING_CATALOGS = YES;
				MACOSX_DEPLOYMENT_TARGET = 15.5;
				MTL_ENABLE_DEBUG_INFO = NO;
				MTL_FAST_MATH = YES;
				SDKROOT = macosx;
				SWIFT_COMPILATION_MODE = wholemodule;
			};
			name = Release;
		};
		49E284702E6102A100697D5F /* Debug */ = {
			isa = XCBuildConfiguration;
			buildSettings = {
				ASSETCATALOG_COMPILER_APPICON_NAME = AppIcon;
				ASSETCATALOG_COMPILER_GLOBAL_ACCENT_COLOR_NAME = AccentColor;
				CODE_SIGN_ENTITLEMENTS = "drug-plug/drug_plug.entitlements";
				CODE_SIGN_STYLE = Automatic;
				COMBINE_HIDPI_IMAGES = YES;
				CURRENT_PROJECT_VERSION = 1;
				ENABLE_PREVIEWS = YES;
				GENERATE_INFOPLIST_FILE = YES;
				INFOPLIST_KEY_NSHumanReadableCopyright = "";
				LD_RUNPATH_SEARCH_PATHS = (
					"$(inherited)",
					"@executable_path/../Frameworks",
				);
				MARKETING_VERSION = 1.0;
				PRODUCT_BUNDLE_IDENTIFIER = "llc.drug-plug";
				PRODUCT_NAME = "$(TARGET_NAME)";
				REGISTER_APP_GROUPS = YES;
				SWIFT_EMIT_LOC_STRINGS = YES;
				SWIFT_VERSION = 5.0;
			};
			name = Debug;
		};
		49E284712E6102A100697D5F /* Release */ = {
			isa = XCBuildConfiguration;
			buildSettings = {
				ASSETCATALOG_COMPILER_APPICON_NAME = AppIcon;
				ASSETCATALOG_COMPILER_GLOBAL_ACCENT_COLOR_NAME = AccentColor;
				CODE_SIGN_ENTITLEMENTS = "drug-plug/drug_plug.entitlements";
				CODE_SIGN_STYLE = Automatic;
				COMBINE_HIDPI_IMAGES = YES;
				CURRENT_PROJECT_VERSION = 1;
				ENABLE_PREVIEWS = YES;
				GENERATE_INFOPLIST_FILE = YES;
				INFOPLIST_KEY_NSHumanReadableCopyright = "";
				LD_RUNPATH_SEARCH_PATHS = (
					"$(inherited)",
					"@executable_path/../Frameworks",
				);
				MARKETING_VERSION = 1.0;
				PRODUCT_BUNDLE_IDENTIFIER = "llc.drug-plug";
				PRODUCT_NAME = "$(TARGET_NAME)";
				REGISTER_APP_GROUPS = YES;
				SWIFT_EMIT_LOC_STRINGS = YES;
				SWIFT_VERSION = 5.0;
			};
			name = Release;
		};
		49E284732E6102A100697D5F /* Debug */ = {
			isa = XCBuildConfiguration;
			buildSettings = {
				BUNDLE_LOADER = "$(TEST_HOST)";
				CODE_SIGN_STYLE = Automatic;
				CURRENT_PROJECT_VERSION = 1;
				GENERATE_INFOPLIST_FILE = YES;
				MACOSX_DEPLOYMENT_TARGET = 15.5;
				MARKETING_VERSION = 1.0;
				PRODUCT_BUNDLE_IDENTIFIER = "llc.drug-plugTests";
				PRODUCT_NAME = "$(TARGET_NAME)";
				SWIFT_EMIT_LOC_STRINGS = NO;
				SWIFT_VERSION = 5.0;
				TEST_HOST = "$(BUILT_PRODUCTS_DIR)/drug-plug.app/$(BUNDLE_EXECUTABLE_FOLDER_PATH)/drug-plug";
			};
			name = Debug;
		};
		49E284742E6102A100697D5F /* Release */ = {
			isa = XCBuildConfiguration;
			buildSettings = {
				BUNDLE_LOADER = "$(TEST_HOST)";
				CODE_SIGN_STYLE = Automatic;
				CURRENT_PROJECT_VERSION = 1;
				GENERATE_INFOPLIST_FILE = YES;
				MACOSX_DEPLOYMENT_TARGET = 15.5;
				MARKETING_VERSION = 1.0;
				PRODUCT_BUNDLE_IDENTIFIER = "llc.drug-plugTests";
				PRODUCT_NAME = "$(TARGET_NAME)";
				SWIFT_EMIT_LOC_STRINGS = NO;
				SWIFT_VERSION = 5.0;
				TEST_HOST = "$(BUILT_PRODUCTS_DIR)/drug-plug.app/$(BUNDLE_EXECUTABLE_FOLDER_PATH)/drug-plug";
			};
			name = Release;
		};
		49E284762E6102A100697D5F /* Debug */ = {
			isa = XCBuildConfiguration;
			buildSettings = {
				CODE_SIGN_STYLE = Automatic;
				CURRENT_PROJECT_VERSION = 1;
				GENERATE_INFOPLIST_FILE = YES;
				MARKETING_VERSION = 1.0;
				PRODUCT_BUNDLE_IDENTIFIER = "llc.drug-plugUITests";
				PRODUCT_NAME = "$(TARGET_NAME)";
				SWIFT_EMIT_LOC_STRINGS = NO;
				SWIFT_VERSION = 5.0;
				TEST_TARGET_NAME = "drug-plug";
			};
			name = Debug;
		};
		49E284772E6102A100697D5F /* Release */ = {
			isa = XCBuildConfiguration;
			buildSettings = {
				CODE_SIGN_STYLE = Automatic;
				CURRENT_PROJECT_VERSION = 1;
				GENERATE_INFOPLIST_FILE = YES;
				MARKETING_VERSION = 1.0;
				PRODUCT_BUNDLE_IDENTIFIER = "llc.drug-plugUITests";
				PRODUCT_NAME = "$(TARGET_NAME)";
				SWIFT_EMIT_LOC_STRINGS = NO;
				SWIFT_VERSION = 5.0;
				TEST_TARGET_NAME = "drug-plug";
			};
			name = Release;
		};
/* End XCBuildConfiguration section */

/* Begin XCConfigurationList section */
		49E284482E61029E00697D5F /* Build configuration list for PBXProject "drug-plug" */ = {
			isa = XCConfigurationList;
			buildConfigurations = (
				49E2846D2E6102A100697D5F /* Debug */,
				49E2846E2E6102A100697D5F /* Release */,
			);
			defaultConfigurationIsVisible = 0;
			defaultConfigurationName = Release;
		};
		49E2846F2E6102A100697D5F /* Build configuration list for PBXNativeTarget "drug-plug" */ = {
			isa = XCConfigurationList;
			buildConfigurations = (
				49E284702E6102A100697D5F /* Debug */,
				49E284712E6102A100697D5F /* Release */,
			);
			defaultConfigurationIsVisible = 0;
			defaultConfigurationName = Release;
		};
		49E284722E6102A100697D5F /* Build configuration list for PBXNativeTarget "drug-plugTests" */ = {
			isa = XCConfigurationList;
			buildConfigurations = (
				49E284732E6102A100697D5F /* Debug */,
				49E284742E6102A100697D5F /* Release */,
			);
			defaultConfigurationIsVisible = 0;
			defaultConfigurationName = Release;
		};
		49E284752E6102A100697D5F /* Build configuration list for PBXNativeTarget "drug-plugUITests" */ = {
			isa = XCConfigurationList;
			buildConfigurations = (
				49E284762E6102A100697D5F /* Debug */,
				49E284772E6102A100697D5F /* Release */,
			);
			defaultConfigurationIsVisible = 0;
			defaultConfigurationName = Release;
		};
/* End XCConfigurationList section */
	};
	rootObject = 49E284452E61029E00697D5F /* Project object */;
}
